
Microsoft Visual Studio Solution File, Format Version 12.00
# Visual Studio 2012
Project("{FAE04EC0-301F-11D3-BF4B-00C04F79EFBC}") = "1.ExchangeValue", "ConsoleApplication1\1.ExchangeValue.csproj", "{B7E06332-BF69-4C0E-A88B-E1DE21894971}"
EndProject
Project("{FAE04EC0-301F-11D3-BF4B-00C04F79EFBC}") = "2.RevealTheSign", "2.RevealTheSign\2.RevealTheSign.csproj", "{E7B23B67-861E-4D9A-B9E5-82077FF73C68}"
EndProject
Project("{FAE04EC0-301F-11D3-BF4B-00C04F79EFBC}") = "3.BiggerInteger", "3.BiggerInteger\3.BiggerInteger.csproj", "{590AD7B6-3559-4798-84A0-E03EF85A1F80}"
EndProject
Project("{FAE04EC0-301F-11D3-BF4B-00C04F79EFBC}") = "4.SortByDescendingOrder", "4.SortByDescendingOrder\4.SortByDescendingOrder.csproj", "{0F8CF8CF-1934-493D-8B2A-10AE18893DA1}"
EndProject
Project("{FAE04EC0-301F-11D3-BF4B-00C04F79EFBC}") = "5.DigitName", "5.DigitName\5.DigitName.csproj", "{16CABB5B-9D37-4B5B-928E-9E7FF64E75B4}"
EndProject
Project("{FAE04EC0-301F-11D3-BF4B-00C04F79EFBC}") = "7.TheGreatestVariable", "7.TheGreatestVariable\7.TheGreatestVariable.csproj", "{5F95D276-8F06-4DFC-B6D2-516C41097ACD}"
EndProject
Project("{FAE04EC0-301F-11D3-BF4B-00C04F79EFBC}") = "6.RealRootsOfQuadraticEquation", "6.RealRootsOfQuadraticEquation\6.RealRootsOfQuadraticEquation.csproj", "{EC2FB334-65F9-4CE6-8170-93A9E0189984}"
EndProject
Project("{FAE04EC0-301F-11D3-BF4B-00C04F79EFBC}") = "8.UsersChoice", "8.UsersChoice\8.UsersChoice.csproj", "{930F7AEC-AB4C-4576-8EC7-10CC85AF8E8D}"
EndProject
Project("{FAE04EC0-301F-11D3-BF4B-00C04F79EFBC}") = "9.SumOfSubset", "9.SumOfSubset\9.SumOfSubset.csproj", "{697AD7BC-4DFE-4CED-82AA-D803B7EA9A4B}"
EndProject
Project("{FAE04EC0-301F-11D3-BF4B-00C04F79EFBC}") = "10.BonusScores", "10.BonusScores\10.BonusScores.csproj", "{F4B64377-A6CE-429B-9D4D-C7FF968402B1}"
EndProject
Project("{FAE04EC0-301F-11D3-BF4B-00C04F79EFBC}") = "11.ConvertNumberToPronuncation", "11.ConvertNumberToPronuncation\11.ConvertNumberToPronuncation.csproj", "{C1A1907A-C9DA-4CEE-BA94-C1A921006035}"
EndProject
Global
	GlobalSection(SolutionConfigurationPlatforms) = preSolution
		Debug|Any CPU = Debug|Any CPU
		Release|Any CPU = Release|Any CPU
	EndGlobalSection
	GlobalSection(ProjectConfigurationPlatforms) = postSolution
		{B7E06332-BF69-4C0E-A88B-E1DE21894971}.Debug|Any CPU.ActiveCfg = Debug|Any CPU
		{B7E06332-BF69-4C0E-A88B-E1DE21894971}.Debug|Any CPU.Build.0 = Debug|Any CPU
		{B7E06332-BF69-4C0E-A88B-E1DE21894971}.Release|Any CPU.ActiveCfg = Release|Any CPU
		{B7E06332-BF69-4C0E-A88B-E1DE21894971}.Release|Any CPU.Build.0 = Release|Any CPU
		{E7B23B67-861E-4D9A-B9E5-82077FF73C68}.Debug|Any CPU.ActiveCfg = Debug|Any CPU
		{E7B23B67-861E-4D9A-B9E5-82077FF73C68}.Debug|Any CPU.Build.0 = Debug|Any CPU
		{E7B23B67-861E-4D9A-B9E5-82077FF73C68}.Release|Any CPU.ActiveCfg = Release|Any CPU
		{E7B23B67-861E-4D9A-B9E5-82077FF73C68}.Release|Any CPU.Build.0 = Release|Any CPU
		{590AD7B6-3559-4798-84A0-E03EF85A1F80}.Debug|Any CPU.ActiveCfg = Debug|Any CPU
		{590AD7B6-3559-4798-84A0-E03EF85A1F80}.Debug|Any CPU.Build.0 = Debug|Any CPU
		{590AD7B6-3559-4798-84A0-E03EF85A1F80}.Release|Any CPU.ActiveCfg = Release|Any CPU
		{590AD7B6-3559-4798-84A0-E03EF85A1F80}.Release|Any CPU.Build.0 = Release|Any CPU
		{0F8CF8CF-1934-493D-8B2A-10AE18893DA1}.Debug|Any CPU.ActiveCfg = Debug|Any CPU
		{0F8CF8CF-1934-493D-8B2A-10AE18893DA1}.Debug|Any CPU.Build.0 = Debug|Any CPU
		{0F8CF8CF-1934-493D-8B2A-10AE18893DA1}.Release|Any CPU.ActiveCfg = Release|Any CPU
		{0F8CF8CF-1934-493D-8B2A-10AE18893DA1}.Release|Any CPU.Build.0 = Release|Any CPU
		{16CABB5B-9D37-4B5B-928E-9E7FF64E75B4}.Debug|Any CPU.ActiveCfg = Debug|Any CPU
		{16CABB5B-9D37-4B5B-928E-9E7FF64E75B4}.Debug|Any CPU.Build.0 = Debug|Any CPU
		{16CABB5B-9D37-4B5B-928E-9E7FF64E75B4}.Release|Any CPU.ActiveCfg = Release|Any CPU
		{16CABB5B-9D37-4B5B-928E-9E7FF64E75B4}.Release|Any CPU.Build.0 = Release|Any CPU
		{5F95D276-8F06-4DFC-B6D2-516C41097ACD}.Debug|Any CPU.ActiveCfg = Debug|Any CPU
		{5F95D276-8F06-4DFC-B6D2-516C41097ACD}.Debug|Any CPU.Build.0 = Debug|Any CPU
		{5F95D276-8F06-4DFC-B6D2-516C41097ACD}.Release|Any CPU.ActiveCfg = Release|Any CPU
		{5F95D276-8F06-4DFC-B6D2-516C41097ACD}.Release|Any CPU.Build.0 = Release|Any CPU
		{EC2FB334-65F9-4CE6-8170-93A9E0189984}.Debug|Any CPU.ActiveCfg = Debug|Any CPU
		{EC2FB334-65F9-4CE6-8170-93A9E0189984}.Debug|Any CPU.Build.0 = Debug|Any CPU
		{EC2FB334-65F9-4CE6-8170-93A9E0189984}.Release|Any CPU.ActiveCfg = Release|Any CPU
		{EC2FB334-65F9-4CE6-8170-93A9E0189984}.Release|Any CPU.Build.0 = Release|Any CPU
		{930F7AEC-AB4C-4576-8EC7-10CC85AF8E8D}.Debug|Any CPU.ActiveCfg = Debug|Any CPU
		{930F7AEC-AB4C-4576-8EC7-10CC85AF8E8D}.Debug|Any CPU.Build.0 = Debug|Any CPU
		{930F7AEC-AB4C-4576-8EC7-10CC85AF8E8D}.Release|Any CPU.ActiveCfg = Release|Any CPU
		{930F7AEC-AB4C-4576-8EC7-10CC85AF8E8D}.Release|Any CPU.Build.0 = Release|Any CPU
		{697AD7BC-4DFE-4CED-82AA-D803B7EA9A4B}.Debug|Any CPU.ActiveCfg = Debug|Any CPU
		{697AD7BC-4DFE-4CED-82AA-D803B7EA9A4B}.Debug|Any CPU.Build.0 = Debug|Any CPU
		{697AD7BC-4DFE-4CED-82AA-D803B7EA9A4B}.Release|Any CPU.ActiveCfg = Release|Any CPU
		{697AD7BC-4DFE-4CED-82AA-D803B7EA9A4B}.Release|Any CPU.Build.0 = Release|Any CPU
		{F4B64377-A6CE-429B-9D4D-C7FF968402B1}.Debug|Any CPU.ActiveCfg = Debug|Any CPU
		{F4B64377-A6CE-429B-9D4D-C7FF968402B1}.Debug|Any CPU.Build.0 = Debug|Any CPU
		{F4B64377-A6CE-429B-9D4D-C7FF968402B1}.Release|Any CPU.ActiveCfg = Release|Any CPU
		{F4B64377-A6CE-429B-9D4D-C7FF968402B1}.Release|Any CPU.Build.0 = Release|Any CPU
		{C1A1907A-C9DA-4CEE-BA94-C1A921006035}.Debug|Any CPU.ActiveCfg = Debug|Any CPU
		{C1A1907A-C9DA-4CEE-BA94-C1A921006035}.Debug|Any CPU.Build.0 = Debug|Any CPU
		{C1A1907A-C9DA-4CEE-BA94-C1A921006035}.Release|Any CPU.ActiveCfg = Release|Any CPU
		{C1A1907A-C9DA-4CEE-BA94-C1A921006035}.Release|Any CPU.Build.0 = Release|Any CPU
	EndGlobalSection
	GlobalSection(SolutionProperties) = preSolution
		HideSolutionNode = FALSE
	EndGlobalSection
EndGlobal
